
Microsoft Visual Studio Solution File, Format Version 12.00
# Visual Studio Version 16
VisualStudioVersion = 16.0.29728.190
MinimumVisualStudioVersion = 10.0.40219.1
Project("{FAE04EC0-301F-11D3-BF4B-00C04F79EFBC}") = "DemoASPWebApp204", "DemoASPWebApp204\DemoASPWebApp204.csproj", "{15B02FCC-C917-4CAA-A753-87E0E9FA63DC}"
EndProject
Global
	GlobalSection(SolutionConfigurationPlatforms) = preSolution
		Debug|Any CPU = Debug|Any CPU
		Release|Any CPU = Release|Any CPU
	EndGlobalSection
	GlobalSection(ProjectConfigurationPlatforms) = postSolution
		{15B02FCC-C917-4CAA-A753-87E0E9FA63DC}.Debug|Any CPU.ActiveCfg = Debug|Any CPU
		{15B02FCC-C917-4CAA-A753-87E0E9FA63DC}.Debug|Any CPU.Build.0 = Debug|Any CPU
		{15B02FCC-C917-4CAA-A753-87E0E9FA63DC}.Release|Any CPU.ActiveCfg = Release|Any CPU
		{15B02FCC-C917-4CAA-A753-87E0E9FA63DC}.Release|Any CPU.Build.0 = Release|Any CPU
	EndGlobalSection
	GlobalSection(SolutionProperties) = preSolution
		HideSolutionNode = FALSE
	EndGlobalSection
	GlobalSection(ExtensibilityGlobals) = postSolution
		SolutionGuid = {7387FF8F-62C6-4101-BB8D-7550D75C83BE}
	EndGlobalSection
EndGlobal
